
Microsoft Visual Studio Solution File, Format Version 12.00
# Visual Studio Version 17
VisualStudioVersion = 17.8.34511.84
MinimumVisualStudioVersion = 10.0.40219.1
Project("{FAE04EC0-301F-11D3-BF4B-00C04F79EFBC}") = "lb10", "lb10\lb10.csproj", "{AC611ACC-ED7E-47D6-9A43-5C3D5903890E}"
EndProject
Global
	GlobalSection(SolutionConfigurationPlatforms) = preSolution
		Debug|Any CPU = Debug|Any CPU
		Release|Any CPU = Release|Any CPU
	EndGlobalSection
	GlobalSection(ProjectConfigurationPlatforms) = postSolution
		{AC611ACC-ED7E-47D6-9A43-5C3D5903890E}.Debug|Any CPU.ActiveCfg = Debug|Any CPU
		{AC611ACC-ED7E-47D6-9A43-5C3D5903890E}.Debug|Any CPU.Build.0 = Debug|Any CPU
		{AC611ACC-ED7E-47D6-9A43-5C3D5903890E}.Release|Any CPU.ActiveCfg = Release|Any CPU
		{AC611ACC-ED7E-47D6-9A43-5C3D5903890E}.Release|Any CPU.Build.0 = Release|Any CPU
	EndGlobalSection
	GlobalSection(SolutionProperties) = preSolution
		HideSolutionNode = FALSE
	EndGlobalSection
	GlobalSection(ExtensibilityGlobals) = postSolution
		SolutionGuid = {2A7A48CE-69C7-4F18-A597-DBB6F43CCBFC}
	EndGlobalSection
EndGlobal
